// !$*UTF8*$!
{
	archiveVersion = 1;
	classes = {
	};
	objectVersion = 50;
	objects = {

/* Begin PBXBuildFile section */
		93316F32237D144D0080472A /* BaseVC.swift in Sources */ = {isa = PBXBuildFile; fileRef = 93316F05237D144C0080472A /* BaseVC.swift */; };
		93316F33237D144D0080472A /* Assets.xcassets in Resources */ = {isa = PBXBuildFile; fileRef = 93316F09237D144C0080472A /* Assets.xcassets */; };
		93316F34237D144D0080472A /* ImageAsset.swift in Sources */ = {isa = PBXBuildFile; fileRef = 93316F0A237D144C0080472A /* ImageAsset.swift */; };
		93316F35237D144D0080472A /* HUDObject_Indicator.swift in Sources */ = {isa = PBXBuildFile; fileRef = 93316F10237D144C0080472A /* HUDObject_Indicator.swift */; };
		93316F36237D144D0080472A /* HUDPresenter.swift in Sources */ = {isa = PBXBuildFile; fileRef = 93316F11237D144C0080472A /* HUDPresenter.swift */; };
		93316F37237D144D0080472A /* HUDObject_Toast.swift in Sources */ = {isa = PBXBuildFile; fileRef = 93316F12237D144C0080472A /* HUDObject_Toast.swift */; };
		93316F38237D144D0080472A /* AppCoordinator.swift in Sources */ = {isa = PBXBuildFile; fileRef = 93316F15237D144C0080472A /* AppCoordinator.swift */; };
		93316F39237D144D0080472A /* MainCoordinator.swift in Sources */ = {isa = PBXBuildFile; fileRef = 93316F16237D144C0080472A /* MainCoordinator.swift */; };
		93316F3A237D144D0080472A /* Presentable.swift in Sources */ = {isa = PBXBuildFile; fileRef = 93316F18237D144C0080472A /* Presentable.swift */; };
		93316F3B237D144D0080472A /* Coordinator.swift in Sources */ = {isa = PBXBuildFile; fileRef = 93316F19237D144C0080472A /* Coordinator.swift */; };
		93316F3C237D144D0080472A /* VCFactory.swift in Sources */ = {isa = PBXBuildFile; fileRef = 93316F1B237D144C0080472A /* VCFactory.swift */; };
		93316F3D237D144D0080472A /* CoordinatorFactory.swift in Sources */ = {isa = PBXBuildFile; fileRef = 93316F1C237D144C0080472A /* CoordinatorFactory.swift */; };
		93316F3E237D144D0080472A /* Router.swift in Sources */ = {isa = PBXBuildFile; fileRef = 93316F1E237D144C0080472A /* Router.swift */; };
		93316F3F237D144D0080472A /* LaunchScreen.storyboard in Resources */ = {isa = PBXBuildFile; fileRef = 93316F20237D144D0080472A /* LaunchScreen.storyboard */; };
		93316F40237D144D0080472A /* CoordinatorAppService.swift in Sources */ = {isa = PBXBuildFile; fileRef = 93316F22237D144D0080472A /* CoordinatorAppService.swift */; };
		93316F41237D144D0080472A /* AppDelegate.swift in Sources */ = {isa = PBXBuildFile; fileRef = 93316F23237D144D0080472A /* AppDelegate.swift */; };
		93316F44237D144D0080472A /* Identifiable.swift in Sources */ = {isa = PBXBuildFile; fileRef = 93316F28237D144D0080472A /* Identifiable.swift */; };
		93316F45237D144D0080472A /* Loggable.swift in Sources */ = {isa = PBXBuildFile; fileRef = 93316F29237D144D0080472A /* Loggable.swift */; };
		93316F46237D144D0080472A /* Collection+.swift in Sources */ = {isa = PBXBuildFile; fileRef = 93316F2B237D144D0080472A /* Collection+.swift */; };
		93316F47237D144D0080472A /* String+.swift in Sources */ = {isa = PBXBuildFile; fileRef = 93316F2C237D144D0080472A /* String+.swift */; };
		93316F48237D144D0080472A /* UIViewController+.swift in Sources */ = {isa = PBXBuildFile; fileRef = 93316F2D237D144D0080472A /* UIViewController+.swift */; };
		93316F49237D144D0080472A /* UIScreen+.swift in Sources */ = {isa = PBXBuildFile; fileRef = 93316F2E237D144D0080472A /* UIScreen+.swift */; };
		93316F4A237D144D0080472A /* ViewModelBindable.swift in Sources */ = {isa = PBXBuildFile; fileRef = 93316F31237D144D0080472A /* ViewModelBindable.swift */; };
/* End PBXBuildFile section */

/* Begin PBXFileReference section */
		93316EEC237D14200080472A /* MainArchitecture.app */ = {isa = PBXFileReference; explicitFileType = wrapper.application; includeInIndex = 0; path = MainArchitecture.app; sourceTree = BUILT_PRODUCTS_DIR; };
		93316EFD237D14200080472A /* Info.plist */ = {isa = PBXFileReference; lastKnownFileType = text.plist.xml; path = Info.plist; sourceTree = "<group>"; };
		93316F05237D144C0080472A /* BaseVC.swift */ = {isa = PBXFileReference; fileEncoding = 4; lastKnownFileType = sourcecode.swift; path = BaseVC.swift; sourceTree = "<group>"; };
		93316F09237D144C0080472A /* Assets.xcassets */ = {isa = PBXFileReference; lastKnownFileType = folder.assetcatalog; path = Assets.xcassets; sourceTree = "<group>"; };
		93316F0A237D144C0080472A /* ImageAsset.swift */ = {isa = PBXFileReference; fileEncoding = 4; lastKnownFileType = sourcecode.swift; path = ImageAsset.swift; sourceTree = "<group>"; };
		93316F10237D144C0080472A /* HUDObject_Indicator.swift */ = {isa = PBXFileReference; fileEncoding = 4; lastKnownFileType = sourcecode.swift; path = HUDObject_Indicator.swift; sourceTree = "<group>"; };
		93316F11237D144C0080472A /* HUDPresenter.swift */ = {isa = PBXFileReference; fileEncoding = 4; lastKnownFileType = sourcecode.swift; path = HUDPresenter.swift; sourceTree = "<group>"; };
		93316F12237D144C0080472A /* HUDObject_Toast.swift */ = {isa = PBXFileReference; fileEncoding = 4; lastKnownFileType = sourcecode.swift; path = HUDObject_Toast.swift; sourceTree = "<group>"; };
		93316F15237D144C0080472A /* AppCoordinator.swift */ = {isa = PBXFileReference; fileEncoding = 4; lastKnownFileType = sourcecode.swift; path = AppCoordinator.swift; sourceTree = "<group>"; };
		93316F16237D144C0080472A /* MainCoordinator.swift */ = {isa = PBXFileReference; fileEncoding = 4; lastKnownFileType = sourcecode.swift; path = MainCoordinator.swift; sourceTree = "<group>"; };
		93316F18237D144C0080472A /* Presentable.swift */ = {isa = PBXFileReference; fileEncoding = 4; lastKnownFileType = sourcecode.swift; path = Presentable.swift; sourceTree = "<group>"; };
		93316F19237D144C0080472A /* Coordinator.swift */ = {isa = PBXFileReference; fileEncoding = 4; lastKnownFileType = sourcecode.swift; path = Coordinator.swift; sourceTree = "<group>"; };
		93316F1B237D144C0080472A /* VCFactory.swift */ = {isa = PBXFileReference; fileEncoding = 4; lastKnownFileType = sourcecode.swift; path = VCFactory.swift; sourceTree = "<group>"; };
		93316F1C237D144C0080472A /* CoordinatorFactory.swift */ = {isa = PBXFileReference; fileEncoding = 4; lastKnownFileType = sourcecode.swift; path = CoordinatorFactory.swift; sourceTree = "<group>"; };
		93316F1E237D144C0080472A /* Router.swift */ = {isa = PBXFileReference; fileEncoding = 4; lastKnownFileType = sourcecode.swift; path = Router.swift; sourceTree = "<group>"; };
		93316F21237D144D0080472A /* Base */ = {isa = PBXFileReference; lastKnownFileType = file.storyboard; name = Base; path = Base.lproj/LaunchScreen.storyboard; sourceTree = "<group>"; };
		93316F22237D144D0080472A /* CoordinatorAppService.swift */ = {isa = PBXFileReference; fileEncoding = 4; lastKnownFileType = sourcecode.swift; path = CoordinatorAppService.swift; sourceTree = "<group>"; };
		93316F23237D144D0080472A /* AppDelegate.swift */ = {isa = PBXFileReference; fileEncoding = 4; lastKnownFileType = sourcecode.swift; path = AppDelegate.swift; sourceTree = "<group>"; };
		93316F28237D144D0080472A /* Identifiable.swift */ = {isa = PBXFileReference; fileEncoding = 4; lastKnownFileType = sourcecode.swift; path = Identifiable.swift; sourceTree = "<group>"; };
		93316F29237D144D0080472A /* Loggable.swift */ = {isa = PBXFileReference; fileEncoding = 4; lastKnownFileType = sourcecode.swift; path = Loggable.swift; sourceTree = "<group>"; };
		93316F2B237D144D0080472A /* Collection+.swift */ = {isa = PBXFileReference; fileEncoding = 4; lastKnownFileType = sourcecode.swift; path = "Collection+.swift"; sourceTree = "<group>"; };
		93316F2C237D144D0080472A /* String+.swift */ = {isa = PBXFileReference; fileEncoding = 4; lastKnownFileType = sourcecode.swift; path = "String+.swift"; sourceTree = "<group>"; };
		93316F2D237D144D0080472A /* UIViewController+.swift */ = {isa = PBXFileReference; fileEncoding = 4; lastKnownFileType = sourcecode.swift; path = "UIViewController+.swift"; sourceTree = "<group>"; };
		93316F2E237D144D0080472A /* UIScreen+.swift */ = {isa = PBXFileReference; fileEncoding = 4; lastKnownFileType = sourcecode.swift; path = "UIScreen+.swift"; sourceTree = "<group>"; };
		93316F31237D144D0080472A /* ViewModelBindable.swift */ = {isa = PBXFileReference; fileEncoding = 4; lastKnownFileType = sourcecode.swift; path = ViewModelBindable.swift; sourceTree = "<group>"; };
/* End PBXFileReference section */

/* Begin PBXFrameworksBuildPhase section */
		93316EE9237D14200080472A /* Frameworks */ = {
			isa = PBXFrameworksBuildPhase;
			buildActionMask = 2147483647;
			files = (
			);
			runOnlyForDeploymentPostprocessing = 0;
		};
/* End PBXFrameworksBuildPhase section */

/* Begin PBXGroup section */
		93316EE3237D14200080472A = {
			isa = PBXGroup;
			children = (
				93316EEE237D14200080472A /* MainArchitecture */,
				93316EED237D14200080472A /* Products */,
			);
			sourceTree = "<group>";
		};
		93316EED237D14200080472A /* Products */ = {
			isa = PBXGroup;
			children = (
				93316EEC237D14200080472A /* MainArchitecture.app */,
			);
			name = Products;
			sourceTree = "<group>";
		};
		93316EEE237D14200080472A /* MainArchitecture */ = {
			isa = PBXGroup;
			children = (
				93316F08237D144C0080472A /* Asset */,
				93316F07237D144C0080472A /* Cache */,
				93316F13237D144C0080472A /* Coordinator */,
				93316F2A237D144D0080472A /* Extension */,
				93316F1F237D144D0080472A /* Launch */,
				93316F26237D144D0080472A /* Model */,
				93316F0B237D144C0080472A /* System */,
				93316F03237D144C0080472A /* View */,
				93316F2F237D144D0080472A /* ViewModel */,
			);
			path = MainArchitecture;
			sourceTree = "<group>";
		};
		93316F03237D144C0080472A /* View */ = {
			isa = PBXGroup;
			children = (
				93316F04237D144C0080472A /* ViewControllers */,
				93316F06237D144C0080472A /* Views */,
			);
			path = View;
			sourceTree = "<group>";
		};
		93316F04237D144C0080472A /* ViewControllers */ = {
			isa = PBXGroup;
			children = (
				93316F05237D144C0080472A /* BaseVC.swift */,
			);
			path = ViewControllers;
			sourceTree = "<group>";
		};
		93316F06237D144C0080472A /* Views */ = {
			isa = PBXGroup;
			children = (
			);
			path = Views;
			sourceTree = "<group>";
		};
		93316F07237D144C0080472A /* Cache */ = {
			isa = PBXGroup;
			children = (
			);
			path = Cache;
			sourceTree = "<group>";
		};
		93316F08237D144C0080472A /* Asset */ = {
			isa = PBXGroup;
			children = (
				93316F09237D144C0080472A /* Assets.xcassets */,
				93316F0A237D144C0080472A /* ImageAsset.swift */,
			);
			path = Asset;
			sourceTree = "<group>";
		};
		93316F0B237D144C0080472A /* System */ = {
			isa = PBXGroup;
			children = (
				93316F0C237D144C0080472A /* FaceStyle */,
				93316F0D237D144C0080472A /* Error Handler */,
				93316F0E237D144C0080472A /* Log */,
				93316F0F237D144C0080472A /* HUD */,
			);
			path = System;
			sourceTree = "<group>";
		};
		93316F0C237D144C0080472A /* FaceStyle */ = {
			isa = PBXGroup;
			children = (
			);
			path = FaceStyle;
			sourceTree = "<group>";
		};
		93316F0D237D144C0080472A /* Error Handler */ = {
			isa = PBXGroup;
			children = (
			);
			path = "Error Handler";
			sourceTree = "<group>";
		};
		93316F0E237D144C0080472A /* Log */ = {
			isa = PBXGroup;
			children = (
			);
			path = Log;
			sourceTree = "<group>";
		};
		93316F0F237D144C0080472A /* HUD */ = {
			isa = PBXGroup;
			children = (
				93316F10237D144C0080472A /* HUDObject_Indicator.swift */,
				93316F11237D144C0080472A /* HUDPresenter.swift */,
				93316F12237D144C0080472A /* HUDObject_Toast.swift */,
			);
			path = HUD;
			sourceTree = "<group>";
		};
		93316F13237D144C0080472A /* Coordinator */ = {
			isa = PBXGroup;
			children = (
				93316F14237D144C0080472A /* Coordinators */,
				93316F17237D144C0080472A /* Protocols */,
				93316F1A237D144C0080472A /* Factory */,
				93316F1D237D144C0080472A /* Router */,
			);
			path = Coordinator;
			sourceTree = "<group>";
		};
		93316F14237D144C0080472A /* Coordinators */ = {
			isa = PBXGroup;
			children = (
				93316F15237D144C0080472A /* AppCoordinator.swift */,
				93316F16237D144C0080472A /* MainCoordinator.swift */,
			);
			path = Coordinators;
			sourceTree = "<group>";
		};
		93316F17237D144C0080472A /* Protocols */ = {
			isa = PBXGroup;
			children = (
				93316F18237D144C0080472A /* Presentable.swift */,
				93316F19237D144C0080472A /* Coordinator.swift */,
			);
			path = Protocols;
			sourceTree = "<group>";
		};
		93316F1A237D144C0080472A /* Factory */ = {
			isa = PBXGroup;
			children = (
				93316F1B237D144C0080472A /* VCFactory.swift */,
				93316F1C237D144C0080472A /* CoordinatorFactory.swift */,
			);
			path = Factory;
			sourceTree = "<group>";
		};
		93316F1D237D144C0080472A /* Router */ = {
			isa = PBXGroup;
			children = (
				93316F1E237D144C0080472A /* Router.swift */,
			);
			path = Router;
			sourceTree = "<group>";
		};
		93316F1F237D144D0080472A /* Launch */ = {
			isa = PBXGroup;
			children = (
				93316F20237D144D0080472A /* LaunchScreen.storyboard */,
				93316F22237D144D0080472A /* CoordinatorAppService.swift */,
				93316F23237D144D0080472A /* AppDelegate.swift */,
				93316EFD237D14200080472A /* Info.plist */,
			);
			path = Launch;
			sourceTree = "<group>";
		};
		93316F26237D144D0080472A /* Model */ = {
			isa = PBXGroup;
			children = (
				93316F27237D144D0080472A /* Utility */,
			);
			path = Model;
			sourceTree = "<group>";
		};
		93316F27237D144D0080472A /* Utility */ = {
			isa = PBXGroup;
			children = (
				93316F28237D144D0080472A /* Identifiable.swift */,
				93316F29237D144D0080472A /* Loggable.swift */,
			);
			path = Utility;
			sourceTree = "<group>";
		};
		93316F2A237D144D0080472A /* Extension */ = {
			isa = PBXGroup;
			children = (
				93316F2B237D144D0080472A /* Collection+.swift */,
				93316F2C237D144D0080472A /* String+.swift */,
				93316F2D237D144D0080472A /* UIViewController+.swift */,
				93316F2E237D144D0080472A /* UIScreen+.swift */,
			);
			path = Extension;
			sourceTree = "<group>";
		};
		93316F2F237D144D0080472A /* ViewModel */ = {
			isa = PBXGroup;
			children = (
				93316F30237D144D0080472A /* Protocols */,
			);
			path = ViewModel;
			sourceTree = "<group>";
		};
		93316F30237D144D0080472A /* Protocols */ = {
			isa = PBXGroup;
			children = (
				93316F31237D144D0080472A /* ViewModelBindable.swift */,
			);
			path = Protocols;
			sourceTree = "<group>";
		};
/* End PBXGroup section */

/* Begin PBXNativeTarget section */
		93316EEB237D14200080472A /* MainArchitecture */ = {
			isa = PBXNativeTarget;
			buildConfigurationList = 93316F00237D14200080472A /* Build configuration list for PBXNativeTarget "MainArchitecture" */;
			buildPhases = (
				93316EE8237D14200080472A /* Sources */,
				93316EE9237D14200080472A /* Frameworks */,
				93316EEA237D14200080472A /* Resources */,
			);
			buildRules = (
			);
			dependencies = (
			);
			name = MainArchitecture;
			productName = MainArchitecture;
			productReference = 93316EEC237D14200080472A /* MainArchitecture.app */;
			productType = "com.apple.product-type.application";
		};
/* End PBXNativeTarget section */

/* Begin PBXProject section */
		93316EE4237D14200080472A /* Project object */ = {
			isa = PBXProject;
			attributes = {
				LastSwiftUpdateCheck = 1110;
				LastUpgradeCheck = 1110;
				ORGANIZATIONNAME = Mason;
				TargetAttributes = {
					93316EEB237D14200080472A = {
						CreatedOnToolsVersion = 11.1;
					};
				};
			};
			buildConfigurationList = 93316EE7237D14200080472A /* Build configuration list for PBXProject "MainArchitecture" */;
			compatibilityVersion = "Xcode 9.3";
			developmentRegion = en;
			hasScannedForEncodings = 0;
			knownRegions = (
				en,
				Base,
			);
			mainGroup = 93316EE3237D14200080472A;
			productRefGroup = 93316EED237D14200080472A /* Products */;
			projectDirPath = "";
			projectRoot = "";
			targets = (
				93316EEB237D14200080472A /* MainArchitecture */,
			);
		};
/* End PBXProject section */

/* Begin PBXResourcesBuildPhase section */
		93316EEA237D14200080472A /* Resources */ = {
			isa = PBXResourcesBuildPhase;
			buildActionMask = 2147483647;
			files = (
				93316F33237D144D0080472A /* Assets.xcassets in Resources */,
				93316F3F237D144D0080472A /* LaunchScreen.storyboard in Resources */,
			);
			runOnlyForDeploymentPostprocessing = 0;
		};
/* End PBXResourcesBuildPhase section */

/* Begin PBXSourcesBuildPhase section */
		93316EE8237D14200080472A /* Sources */ = {
			isa = PBXSourcesBuildPhase;
			buildActionMask = 2147483647;
			files = (
				93316F38237D144D0080472A /* AppCoordinator.swift in Sources */,
				93316F3A237D144D0080472A /* Presentable.swift in Sources */,
				93316F48237D144D0080472A /* UIViewController+.swift in Sources */,
				93316F45237D144D0080472A /* Loggable.swift in Sources */,
				93316F39237D144D0080472A /* MainCoordinator.swift in Sources */,
				93316F35237D144D0080472A /* HUDObject_Indicator.swift in Sources */,
				93316F47237D144D0080472A /* String+.swift in Sources */,
				93316F41237D144D0080472A /* AppDelegate.swift in Sources */,
				93316F40237D144D0080472A /* CoordinatorAppService.swift in Sources */,
				93316F3E237D144D0080472A /* Router.swift in Sources */,
				93316F34237D144D0080472A /* ImageAsset.swift in Sources */,
				93316F36237D144D0080472A /* HUDPresenter.swift in Sources */,
				93316F46237D144D0080472A /* Collection+.swift in Sources */,
				93316F32237D144D0080472A /* BaseVC.swift in Sources */,
				93316F4A237D144D0080472A /* ViewModelBindable.swift in Sources */,
				93316F37237D144D0080472A /* HUDObject_Toast.swift in Sources */,
				93316F49237D144D0080472A /* UIScreen+.swift in Sources */,
				93316F3B237D144D0080472A /* Coordinator.swift in Sources */,
				93316F44237D144D0080472A /* Identifiable.swift in Sources */,
				93316F3D237D144D0080472A /* CoordinatorFactory.swift in Sources */,
				93316F3C237D144D0080472A /* VCFactory.swift in Sources */,
			);
			runOnlyForDeploymentPostprocessing = 0;
		};
/* End PBXSourcesBuildPhase section */

/* Begin PBXVariantGroup section */
		93316F20237D144D0080472A /* LaunchScreen.storyboard */ = {
			isa = PBXVariantGroup;
			children = (
				93316F21237D144D0080472A /* Base */,
			);
			name = LaunchScreen.storyboard;
			sourceTree = "<group>";
		};
/* End PBXVariantGroup section */

/* Begin XCBuildConfiguration section */
		93316EFE237D14200080472A /* Debug */ = {
			isa = XCBuildConfiguration;
			buildSettings = {
				ALWAYS_SEARCH_USER_PATHS = NO;
				CLANG_ANALYZER_NONNULL = YES;
				CLANG_ANALYZER_NUMBER_OBJECT_CONVERSION = YES_AGGRESSIVE;
				CLANG_CXX_LANGUAGE_STANDARD = "gnu++14";
				CLANG_CXX_LIBRARY = "libc++";
				CLANG_ENABLE_MODULES = YES;
				CLANG_ENABLE_OBJC_ARC = YES;
				CLANG_ENABLE_OBJC_WEAK = YES;
				CLANG_WARN_BLOCK_CAPTURE_AUTORELEASING = YES;
				CLANG_WARN_BOOL_CONVERSION = YES;
				CLANG_WARN_COMMA = YES;
				CLANG_WARN_CONSTANT_CONVERSION = YES;
				CLANG_WARN_DEPRECATED_OBJC_IMPLEMENTATIONS = YES;
				CLANG_WARN_DIRECT_OBJC_ISA_USAGE = YES_ERROR;
				CLANG_WARN_DOCUMENTATION_COMMENTS = YES;
				CLANG_WARN_EMPTY_BODY = YES;
				CLANG_WARN_ENUM_CONVERSION = YES;
				CLANG_WARN_INFINITE_RECURSION = YES;
				CLANG_WARN_INT_CONVERSION = YES;
				CLANG_WARN_NON_LITERAL_NULL_CONVERSION = YES;
				CLANG_WARN_OBJC_IMPLICIT_RETAIN_SELF = YES;
				CLANG_WARN_OBJC_LITERAL_CONVERSION = YES;
				CLANG_WARN_OBJC_ROOT_CLASS = YES_ERROR;
				CLANG_WARN_RANGE_LOOP_ANALYSIS = YES;
				CLANG_WARN_STRICT_PROTOTYPES = YES;
				CLANG_WARN_SUSPICIOUS_MOVE = YES;
				CLANG_WARN_UNGUARDED_AVAILABILITY = YES_AGGRESSIVE;
				CLANG_WARN_UNREACHABLE_CODE = YES;
				CLANG_WARN__DUPLICATE_METHOD_MATCH = YES;
				COPY_PHASE_STRIP = NO;
				DEBUG_INFORMATION_FORMAT = dwarf;
				ENABLE_STRICT_OBJC_MSGSEND = YES;
				ENABLE_TESTABILITY = YES;
				GCC_C_LANGUAGE_STANDARD = gnu11;
				GCC_DYNAMIC_NO_PIC = NO;
				GCC_NO_COMMON_BLOCKS = YES;
				GCC_OPTIMIZATION_LEVEL = 0;
				GCC_PREPROCESSOR_DEFINITIONS = (
					"DEBUG=1",
					"$(inherited)",
				);
				GCC_WARN_64_TO_32_BIT_CONVERSION = YES;
				GCC_WARN_ABOUT_RETURN_TYPE = YES_ERROR;
				GCC_WARN_UNDECLARED_SELECTOR = YES;
				GCC_WARN_UNINITIALIZED_AUTOS = YES_AGGRESSIVE;
				GCC_WARN_UNUSED_FUNCTION = YES;
				GCC_WARN_UNUSED_VARIABLE = YES;
				IPHONEOS_DEPLOYMENT_TARGET = 13.1;
				MTL_ENABLE_DEBUG_INFO = INCLUDE_SOURCE;
				MTL_FAST_MATH = YES;
				ONLY_ACTIVE_ARCH = YES;
				SDKROOT = iphoneos;
				SWIFT_ACTIVE_COMPILATION_CONDITIONS = DEBUG;
				SWIFT_OPTIMIZATION_LEVEL = "-Onone";
			};
			name = Debug;
		};
		93316EFF237D14200080472A /* Release */ = {
			isa = XCBuildConfiguration;
			buildSettings = {
				ALWAYS_SEARCH_USER_PATHS = NO;
				CLANG_ANALYZER_NONNULL = YES;
				CLANG_ANALYZER_NUMBER_OBJECT_CONVERSION = YES_AGGRESSIVE;
				CLANG_CXX_LANGUAGE_STANDARD = "gnu++14";
				CLANG_CXX_LIBRARY = "libc++";
				CLANG_ENABLE_MODULES = YES;
				CLANG_ENABLE_OBJC_ARC = YES;
				CLANG_ENABLE_OBJC_WEAK = YES;
				CLANG_WARN_BLOCK_CAPTURE_AUTORELEASING = YES;
				CLANG_WARN_BOOL_CONVERSION = YES;
				CLANG_WARN_COMMA = YES;
				CLANG_WARN_CONSTANT_CONVERSION = YES;
				CLANG_WARN_DEPRECATED_OBJC_IMPLEMENTATIONS = YES;
				CLANG_WARN_DIRECT_OBJC_ISA_USAGE = YES_ERROR;
				CLANG_WARN_DOCUMENTATION_COMMENTS = YES;
				CLANG_WARN_EMPTY_BODY = YES;
				CLANG_WARN_ENUM_CONVERSION = YES;
				CLANG_WARN_INFINITE_RECURSION = YES;
				CLANG_WARN_INT_CONVERSION = YES;
				CLANG_WARN_NON_LITERAL_NULL_CONVERSION = YES;
				CLANG_WARN_OBJC_IMPLICIT_RETAIN_SELF = YES;
				CLANG_WARN_OBJC_LITERAL_CONVERSION = YES;
				CLANG_WARN_OBJC_ROOT_CLASS = YES_ERROR;
				CLANG_WARN_RANGE_LOOP_ANALYSIS = YES;
				CLANG_WARN_STRICT_PROTOTYPES = YES;
				CLANG_WARN_SUSPICIOUS_MOVE = YES;
				CLANG_WARN_UNGUARDED_AVAILABILITY = YES_AGGRESSIVE;
				CLANG_WARN_UNREACHABLE_CODE = YES;
				CLANG_WARN__DUPLICATE_METHOD_MATCH = YES;
				COPY_PHASE_STRIP = NO;
				DEBUG_INFORMATION_FORMAT = "dwarf-with-dsym";
				ENABLE_NS_ASSERTIONS = NO;
				ENABLE_STRICT_OBJC_MSGSEND = YES;
				GCC_C_LANGUAGE_STANDARD = gnu11;
				GCC_NO_COMMON_BLOCKS = YES;
				GCC_WARN_64_TO_32_BIT_CONVERSION = YES;
				GCC_WARN_ABOUT_RETURN_TYPE = YES_ERROR;
				GCC_WARN_UNDECLARED_SELECTOR = YES;
				GCC_WARN_UNINITIALIZED_AUTOS = YES_AGGRESSIVE;
				GCC_WARN_UNUSED_FUNCTION = YES;
				GCC_WARN_UNUSED_VARIABLE = YES;
				IPHONEOS_DEPLOYMENT_TARGET = 13.1;
				MTL_ENABLE_DEBUG_INFO = NO;
				MTL_FAST_MATH = YES;
				SDKROOT = iphoneos;
				SWIFT_COMPILATION_MODE = wholemodule;
				SWIFT_OPTIMIZATION_LEVEL = "-O";
				VALIDATE_PRODUCT = YES;
			};
			name = Release;
		};
		93316F01237D14200080472A /* Debug */ = {
			isa = XCBuildConfiguration;
			buildSettings = {
				ASSETCATALOG_COMPILER_APPICON_NAME = AppIcon;
				CODE_SIGN_STYLE = Automatic;
				DEVELOPMENT_TEAM = NE9Q8DJEZN;
				INFOPLIST_FILE = "$(SRCROOT)/MainArchitecture/Launch/Info.plist";
				IPHONEOS_DEPLOYMENT_TARGET = 11.0;
				LD_RUNPATH_SEARCH_PATHS = (
					"$(inherited)",
					"@executable_path/Frameworks",
				);
				PRODUCT_BUNDLE_IDENTIFIER = com.ms.MainArchitecture;
				PRODUCT_NAME = "$(TARGET_NAME)";
				SWIFT_VERSION = 5.0;
				TARGETED_DEVICE_FAMILY = "1,2";
			};
			name = Debug;
		};
		93316F02237D14200080472A /* Release */ = {
			isa = XCBuildConfiguration;
			buildSettings = {
				ASSETCATALOG_COMPILER_APPICON_NAME = AppIcon;
				CODE_SIGN_STYLE = Automatic;
				DEVELOPMENT_TEAM = NE9Q8DJEZN;
				INFOPLIST_FILE = "$(SRCROOT)/MainArchitecture/Launch/Info.plist";
				IPHONEOS_DEPLOYMENT_TARGET = 11.0;
				LD_RUNPATH_SEARCH_PATHS = (
					"$(inherited)",
					"@executable_path/Frameworks",
				);
				PRODUCT_BUNDLE_IDENTIFIER = com.ms.MainArchitecture;
				PRODUCT_NAME = "$(TARGET_NAME)";
				SWIFT_VERSION = 5.0;
				TARGETED_DEVICE_FAMILY = "1,2";
			};
			name = Release;
		};
/* End XCBuildConfiguration section */

/* Begin XCConfigurationList section */
		93316EE7237D14200080472A /* Build configuration list for PBXProject "MainArchitecture" */ = {
			isa = XCConfigurationList;
			buildConfigurations = (
				93316EFE237D14200080472A /* Debug */,
				93316EFF237D14200080472A /* Release */,
			);
			defaultConfigurationIsVisible = 0;
			defaultConfigurationName = Release;
		};
		93316F00237D14200080472A /* Build configuration list for PBXNativeTarget "MainArchitecture" */ = {
			isa = XCConfigurationList;
			buildConfigurations = (
				93316F01237D14200080472A /* Debug */,
				93316F02237D14200080472A /* Release */,
			);
			defaultConfigurationIsVisible = 0;
			defaultConfigurationName = Release;
		};
/* End XCConfigurationList section */
	};
	rootObject = 93316EE4237D14200080472A /* Project object */;
}
